
Microsoft Visual Studio Solution File, Format Version 12.00
# Visual Studio 2012
Project("{FAE04EC0-301F-11D3-BF4B-00C04F79EFBC}") = "listtools", "listtools\listtools.csproj", "{4A24E736-FC2E-4B28-B95D-C6797BFE256C}"
EndProject
Project("{FAE04EC0-301F-11D3-BF4B-00C04F79EFBC}") = "liblistfile", "lib\liblistfile\liblistfile\liblistfile.csproj", "{CE32160A-4A61-4813-93A5-D9DFDD7AB470}"
EndProject
Project("{FAE04EC0-301F-11D3-BF4B-00C04F79EFBC}") = "libwarcraft", "lib\liblistfile\lib\libwarcraft\libwarcraft\libwarcraft.csproj", "{DA06A44E-A67B-46C7-B07D-E90AEBED0502}"
EndProject
Global
	GlobalSection(SolutionConfigurationPlatforms) = preSolution
		Debug|x86 = Debug|x86
		Release|x86 = Release|x86
	EndGlobalSection
	GlobalSection(ProjectConfigurationPlatforms) = postSolution
		{4A24E736-FC2E-4B28-B95D-C6797BFE256C}.Debug|x86.ActiveCfg = Debug|x86
		{4A24E736-FC2E-4B28-B95D-C6797BFE256C}.Debug|x86.Build.0 = Debug|x86
		{4A24E736-FC2E-4B28-B95D-C6797BFE256C}.Release|x86.ActiveCfg = Release|x86
		{4A24E736-FC2E-4B28-B95D-C6797BFE256C}.Release|x86.Build.0 = Release|x86
		{CE32160A-4A61-4813-93A5-D9DFDD7AB470}.Debug|x86.ActiveCfg = Debug|x86
		{CE32160A-4A61-4813-93A5-D9DFDD7AB470}.Debug|x86.Build.0 = Debug|x86
		{CE32160A-4A61-4813-93A5-D9DFDD7AB470}.Release|x86.ActiveCfg = Release|x86
		{CE32160A-4A61-4813-93A5-D9DFDD7AB470}.Release|x86.Build.0 = Release|x86
		{DA06A44E-A67B-46C7-B07D-E90AEBED0502}.Debug|x86.ActiveCfg = Debug|x86
		{DA06A44E-A67B-46C7-B07D-E90AEBED0502}.Debug|x86.Build.0 = Debug|x86
		{DA06A44E-A67B-46C7-B07D-E90AEBED0502}.Release|x86.ActiveCfg = Release|x86
		{DA06A44E-A67B-46C7-B07D-E90AEBED0502}.Release|x86.Build.0 = Release|x86
	EndGlobalSection
EndGlobal
